<?xml version="1.0" encoding="utf-8"?>
<Project ToolsVersion="4.0" xmlns="http://schemas.microsoft.com/developer/msbuild/2003">
  <ItemGroup>
    <ClInclude Include="bibPlayer.h">
      <Filter>Contents</Filter>
    </ClInclude>
    <ClInclude Include="bibLoadScene.h">
      <Filter>Scene</Filter>
    </ClInclude>
    <ClInclude Include="bibPlayScene.h">
      <Filter>Scene</Filter>
    </ClInclude>
    <ClInclude Include="bibTitleScene.h">
      <Filter>Scene</Filter>
    </ClInclude>
  </ItemGroup>
  <ItemGroup>
    <ClCompile Include="bibPlayer.cpp">
      <Filter>Contents</Filter>
    </ClCompile>
    <ClCompile Include="bibPlayScene.cpp">
      <Filter>Scene</Filter>
    </ClCompile>
    <ClCompile Include="bibTitleScene.cpp">
      <Filter>Scene</Filter>
    </ClCompile>
  </ItemGroup>
  <ItemGroup>
    <Filter Include="Contents">
      <UniqueIdentifier>{49300db8-ce91-4e77-8412-14c3ffd1984d}</UniqueIdentifier>
    </Filter>
    <Filter Include="Scene">
      <UniqueIdentifier>{b160cf0f-5213-4137-8478-30d81492cfc9}</UniqueIdentifier>
    </Filter>
  </ItemGroup>
</Project>